
Microsoft Visual Studio Solution File, Format Version 12.00
# Visual Studio Version 16
VisualStudioVersion = 16.0.30804.86
MinimumVisualStudioVersion = 10.0.40219.1
Project("{FAE04EC0-301F-11D3-BF4B-00C04F79EFBC}") = "ckeck_market", "ckeck_market\ckeck_market.csproj", "{4F6C9BF0-332D-481C-87A8-BA3D22103981}"
EndProject
Global
	GlobalSection(SolutionConfigurationPlatforms) = preSolution
		Debug|Any CPU = Debug|Any CPU
		Release|Any CPU = Release|Any CPU
	EndGlobalSection
	GlobalSection(ProjectConfigurationPlatforms) = postSolution
		{4F6C9BF0-332D-481C-87A8-BA3D22103981}.Debug|Any CPU.ActiveCfg = Debug|Any CPU
		{4F6C9BF0-332D-481C-87A8-BA3D22103981}.Debug|Any CPU.Build.0 = Debug|Any CPU
		{4F6C9BF0-332D-481C-87A8-BA3D22103981}.Release|Any CPU.ActiveCfg = Release|Any CPU
		{4F6C9BF0-332D-481C-87A8-BA3D22103981}.Release|Any CPU.Build.0 = Release|Any CPU
	EndGlobalSection
	GlobalSection(SolutionProperties) = preSolution
		HideSolutionNode = FALSE
	EndGlobalSection
	GlobalSection(ExtensibilityGlobals) = postSolution
		SolutionGuid = {FC4D9A2C-30AA-438F-A72B-0E34945BFB26}
	EndGlobalSection
EndGlobal
